
Microsoft Visual Studio Solution File, Format Version 11.00
# Visual Studio 2010
Project("{FAE04EC0-301F-11D3-BF4B-00C04F79EFBC}") = "FMODUnityResonance", "FMODUnityResonance.csproj", "{427d9d55-6b9d-f9a6-2457-fc56701260de}"
EndProject
Project("{FAE04EC0-301F-11D3-BF4B-00C04F79EFBC}") = "FMODUnity", "FMODUnity.csproj", "{a73de0f8-179f-49ad-792a-28451efc6d6f}"
EndProject
Project("{FAE04EC0-301F-11D3-BF4B-00C04F79EFBC}") = "Assembly-CSharp", "Assembly-CSharp.csproj", "{4e8178f2-25f0-90a6-ab12-e6624682045b}"
EndProject
Project("{FAE04EC0-301F-11D3-BF4B-00C04F79EFBC}") = "FMODUnityEditor", "FMODUnityEditor.csproj", "{4362268f-a2df-2b50-591a-5aabc2ba6b05}"
EndProject
Project("{FAE04EC0-301F-11D3-BF4B-00C04F79EFBC}") = "FMODUnityResonanceEditor", "FMODUnityResonanceEditor.csproj", "{ee56272c-cdfd-ee39-e1c8-17f70432b100}"
EndProject
Global
	GlobalSection(SolutionConfigurationPlatforms) = preSolution
		Debug|Any CPU = Debug|Any CPU
	EndGlobalSection
	GlobalSection(ProjectConfigurationPlatforms) = postSolution
		{427d9d55-6b9d-f9a6-2457-fc56701260de}.Debug|Any CPU.ActiveCfg = Debug|Any CPU
		{427d9d55-6b9d-f9a6-2457-fc56701260de}.Debug|Any CPU.Build.0 = Debug|Any CPU
		{a73de0f8-179f-49ad-792a-28451efc6d6f}.Debug|Any CPU.ActiveCfg = Debug|Any CPU
		{a73de0f8-179f-49ad-792a-28451efc6d6f}.Debug|Any CPU.Build.0 = Debug|Any CPU
		{4e8178f2-25f0-90a6-ab12-e6624682045b}.Debug|Any CPU.ActiveCfg = Debug|Any CPU
		{4e8178f2-25f0-90a6-ab12-e6624682045b}.Debug|Any CPU.Build.0 = Debug|Any CPU
		{4362268f-a2df-2b50-591a-5aabc2ba6b05}.Debug|Any CPU.ActiveCfg = Debug|Any CPU
		{4362268f-a2df-2b50-591a-5aabc2ba6b05}.Debug|Any CPU.Build.0 = Debug|Any CPU
		{ee56272c-cdfd-ee39-e1c8-17f70432b100}.Debug|Any CPU.ActiveCfg = Debug|Any CPU
		{ee56272c-cdfd-ee39-e1c8-17f70432b100}.Debug|Any CPU.Build.0 = Debug|Any CPU
	EndGlobalSection
	GlobalSection(SolutionProperties) = preSolution
		HideSolutionNode = FALSE
	EndGlobalSection
EndGlobal
